
Microsoft Visual Studio Solution File, Format Version 12.00
# Visual Studio 15
VisualStudioVersion = 15.0.28307.271
MinimumVisualStudioVersion = 10.0.40219.1
Project("{FAE04EC0-301F-11D3-BF4B-00C04F79EFBC}") = "DataStructuresAndAlgorithms", "DataStructuresAndAlgorithms\DataStructuresAndAlgorithms.csproj", "{5799F560-3CDA-492C-B5BB-63C0B65D5714}"
EndProject
Global
	GlobalSection(SolutionConfigurationPlatforms) = preSolution
		Debug|Any CPU = Debug|Any CPU
		Release|Any CPU = Release|Any CPU
	EndGlobalSection
	GlobalSection(ProjectConfigurationPlatforms) = postSolution
		{5799F560-3CDA-492C-B5BB-63C0B65D5714}.Debug|Any CPU.ActiveCfg = Debug|Any CPU
		{5799F560-3CDA-492C-B5BB-63C0B65D5714}.Debug|Any CPU.Build.0 = Debug|Any CPU
		{5799F560-3CDA-492C-B5BB-63C0B65D5714}.Release|Any CPU.ActiveCfg = Release|Any CPU
		{5799F560-3CDA-492C-B5BB-63C0B65D5714}.Release|Any CPU.Build.0 = Release|Any CPU
	EndGlobalSection
	GlobalSection(SolutionProperties) = preSolution
		HideSolutionNode = FALSE
	EndGlobalSection
	GlobalSection(ExtensibilityGlobals) = postSolution
		SolutionGuid = {0F43B25D-D78F-4042-8575-5F1275ABEC2F}
	EndGlobalSection
EndGlobal
